
Microsoft Visual Studio Solution File, Format Version 12.00
# Visual Studio Version 17
VisualStudioVersion = 17.10.35122.118
MinimumVisualStudioVersion = 10.0.40219.1
Project("{FAE04EC0-301F-11D3-BF4B-00C04F79EFBC}") = "TakedaMock", "TakedaMock\TakedaMock.csproj", "{6CE7A401-6DB3-4279-8C47-1DDF81F99CA0}"
EndProject
Project("{FAE04EC0-301F-11D3-BF4B-00C04F79EFBC}") = "TakedaMockDataAccess", "TakedaMockData\TakedaMockDataAccess.csproj", "{6E32C6AE-A177-4F31-B487-1A3593448E7E}"
EndProject
Project("{FAE04EC0-301F-11D3-BF4B-00C04F79EFBC}") = "TakedaMockModels", "TakedaMockModels\TakedaMockModels.csproj", "{51EDBEB8-24C1-4167-8692-D14CED123C71}"
EndProject
Global
	GlobalSection(SolutionConfigurationPlatforms) = preSolution
		Debug|Any CPU = Debug|Any CPU
		Release|Any CPU = Release|Any CPU
	EndGlobalSection
	GlobalSection(ProjectConfigurationPlatforms) = postSolution
		{6CE7A401-6DB3-4279-8C47-1DDF81F99CA0}.Debug|Any CPU.ActiveCfg = Debug|Any CPU
		{6CE7A401-6DB3-4279-8C47-1DDF81F99CA0}.Debug|Any CPU.Build.0 = Debug|Any CPU
		{6CE7A401-6DB3-4279-8C47-1DDF81F99CA0}.Release|Any CPU.ActiveCfg = Release|Any CPU
		{6CE7A401-6DB3-4279-8C47-1DDF81F99CA0}.Release|Any CPU.Build.0 = Release|Any CPU
		{6E32C6AE-A177-4F31-B487-1A3593448E7E}.Debug|Any CPU.ActiveCfg = Debug|Any CPU
		{6E32C6AE-A177-4F31-B487-1A3593448E7E}.Debug|Any CPU.Build.0 = Debug|Any CPU
		{6E32C6AE-A177-4F31-B487-1A3593448E7E}.Release|Any CPU.ActiveCfg = Release|Any CPU
		{6E32C6AE-A177-4F31-B487-1A3593448E7E}.Release|Any CPU.Build.0 = Release|Any CPU
		{51EDBEB8-24C1-4167-8692-D14CED123C71}.Debug|Any CPU.ActiveCfg = Debug|Any CPU
		{51EDBEB8-24C1-4167-8692-D14CED123C71}.Debug|Any CPU.Build.0 = Debug|Any CPU
		{51EDBEB8-24C1-4167-8692-D14CED123C71}.Release|Any CPU.ActiveCfg = Release|Any CPU
		{51EDBEB8-24C1-4167-8692-D14CED123C71}.Release|Any CPU.Build.0 = Release|Any CPU
	EndGlobalSection
	GlobalSection(SolutionProperties) = preSolution
		HideSolutionNode = FALSE
	EndGlobalSection
	GlobalSection(ExtensibilityGlobals) = postSolution
		SolutionGuid = {04502D77-AC02-4E2B-AD06-BF49C51B58E4}
	EndGlobalSection
EndGlobal
